
Microsoft Visual Studio Solution File, Format Version 12.00
# Visual Studio Version 17
VisualStudioVersion = 17.0.31903.59
MinimumVisualStudioVersion = 10.0.40219.1
Project("{2150E333-8FDC-42A3-9474-1A3956D46DE8}") = "src", "src", "{827E0CD3-B72D-47B6-A68D-7590B98EB39B}"
EndProject
Project("{2150E333-8FDC-42A3-9474-1A3956D46DE8}") = "Shared", "Shared", "{C8E42992-5E42-0C2B-DBFE-AA848D06431C}"
EndProject
Project("{FAE04EC0-301F-11D3-BF4B-00C04F79EFBC}") = "OrderFlow.Domain", "src\Shared\OrderFlow.Domain\OrderFlow.Domain.csproj", "{7FD73A3D-8E2E-47D0-9218-5AA96ACF4378}"
EndProject
Project("{FAE04EC0-301F-11D3-BF4B-00C04F79EFBC}") = "OrderFlow.Contracts", "src\Shared\OrderFlow.Contracts\OrderFlow.Contracts.csproj", "{7288D375-DBDF-4AA8-99A4-A2FF0259375C}"
EndProject
Project("{2150E333-8FDC-42A3-9474-1A3956D46DE8}") = "Phase00.Monolith", "Phase00.Monolith", "{F61B4CCF-0594-6249-7F86-713802F75FF1}"
EndProject
Project("{FAE04EC0-301F-11D3-BF4B-00C04F79EFBC}") = "OrderFlow.Monolith", "src\Phase00.Monolith\OrderFlow.Monolith\OrderFlow.Monolith.csproj", "{0D0646AB-0268-4BA2-B1E6-86FCBCA62800}"
EndProject
Global
	GlobalSection(SolutionConfigurationPlatforms) = preSolution
		Debug|Any CPU = Debug|Any CPU
		Debug|x64 = Debug|x64
		Debug|x86 = Debug|x86
		Release|Any CPU = Release|Any CPU
		Release|x64 = Release|x64
		Release|x86 = Release|x86
	EndGlobalSection
	GlobalSection(ProjectConfigurationPlatforms) = postSolution
		{7FD73A3D-8E2E-47D0-9218-5AA96ACF4378}.Debug|Any CPU.ActiveCfg = Debug|Any CPU
		{7FD73A3D-8E2E-47D0-9218-5AA96ACF4378}.Debug|Any CPU.Build.0 = Debug|Any CPU
		{7FD73A3D-8E2E-47D0-9218-5AA96ACF4378}.Debug|x64.ActiveCfg = Debug|Any CPU
		{7FD73A3D-8E2E-47D0-9218-5AA96ACF4378}.Debug|x64.Build.0 = Debug|Any CPU
		{7FD73A3D-8E2E-47D0-9218-5AA96ACF4378}.Debug|x86.ActiveCfg = Debug|Any CPU
		{7FD73A3D-8E2E-47D0-9218-5AA96ACF4378}.Debug|x86.Build.0 = Debug|Any CPU
		{7FD73A3D-8E2E-47D0-9218-5AA96ACF4378}.Release|Any CPU.ActiveCfg = Release|Any CPU
		{7FD73A3D-8E2E-47D0-9218-5AA96ACF4378}.Release|Any CPU.Build.0 = Release|Any CPU
		{7FD73A3D-8E2E-47D0-9218-5AA96ACF4378}.Release|x64.ActiveCfg = Release|Any CPU
		{7FD73A3D-8E2E-47D0-9218-5AA96ACF4378}.Release|x64.Build.0 = Release|Any CPU
		{7FD73A3D-8E2E-47D0-9218-5AA96ACF4378}.Release|x86.ActiveCfg = Release|Any CPU
		{7FD73A3D-8E2E-47D0-9218-5AA96ACF4378}.Release|x86.Build.0 = Release|Any CPU
		{7288D375-DBDF-4AA8-99A4-A2FF0259375C}.Debug|Any CPU.ActiveCfg = Debug|Any CPU
		{7288D375-DBDF-4AA8-99A4-A2FF0259375C}.Debug|Any CPU.Build.0 = Debug|Any CPU
		{7288D375-DBDF-4AA8-99A4-A2FF0259375C}.Debug|x64.ActiveCfg = Debug|Any CPU
		{7288D375-DBDF-4AA8-99A4-A2FF0259375C}.Debug|x64.Build.0 = Debug|Any CPU
		{7288D375-DBDF-4AA8-99A4-A2FF0259375C}.Debug|x86.ActiveCfg = Debug|Any CPU
		{7288D375-DBDF-4AA8-99A4-A2FF0259375C}.Debug|x86.Build.0 = Debug|Any CPU
		{7288D375-DBDF-4AA8-99A4-A2FF0259375C}.Release|Any CPU.ActiveCfg = Release|Any CPU
		{7288D375-DBDF-4AA8-99A4-A2FF0259375C}.Release|Any CPU.Build.0 = Release|Any CPU
		{7288D375-DBDF-4AA8-99A4-A2FF0259375C}.Release|x64.ActiveCfg = Release|Any CPU
		{7288D375-DBDF-4AA8-99A4-A2FF0259375C}.Release|x64.Build.0 = Release|Any CPU
		{7288D375-DBDF-4AA8-99A4-A2FF0259375C}.Release|x86.ActiveCfg = Release|Any CPU
		{7288D375-DBDF-4AA8-99A4-A2FF0259375C}.Release|x86.Build.0 = Release|Any CPU
		{0D0646AB-0268-4BA2-B1E6-86FCBCA62800}.Debug|Any CPU.ActiveCfg = Debug|Any CPU
		{0D0646AB-0268-4BA2-B1E6-86FCBCA62800}.Debug|Any CPU.Build.0 = Debug|Any CPU
		{0D0646AB-0268-4BA2-B1E6-86FCBCA62800}.Debug|x64.ActiveCfg = Debug|Any CPU
		{0D0646AB-0268-4BA2-B1E6-86FCBCA62800}.Debug|x64.Build.0 = Debug|Any CPU
		{0D0646AB-0268-4BA2-B1E6-86FCBCA62800}.Debug|x86.ActiveCfg = Debug|Any CPU
		{0D0646AB-0268-4BA2-B1E6-86FCBCA62800}.Debug|x86.Build.0 = Debug|Any CPU
		{0D0646AB-0268-4BA2-B1E6-86FCBCA62800}.Release|Any CPU.ActiveCfg = Release|Any CPU
		{0D0646AB-0268-4BA2-B1E6-86FCBCA62800}.Release|Any CPU.Build.0 = Release|Any CPU
		{0D0646AB-0268-4BA2-B1E6-86FCBCA62800}.Release|x64.ActiveCfg = Release|Any CPU
		{0D0646AB-0268-4BA2-B1E6-86FCBCA62800}.Release|x64.Build.0 = Release|Any CPU
		{0D0646AB-0268-4BA2-B1E6-86FCBCA62800}.Release|x86.ActiveCfg = Release|Any CPU
		{0D0646AB-0268-4BA2-B1E6-86FCBCA62800}.Release|x86.Build.0 = Release|Any CPU
	EndGlobalSection
	GlobalSection(SolutionProperties) = preSolution
		HideSolutionNode = FALSE
	EndGlobalSection
	GlobalSection(NestedProjects) = preSolution
		{C8E42992-5E42-0C2B-DBFE-AA848D06431C} = {827E0CD3-B72D-47B6-A68D-7590B98EB39B}
		{7FD73A3D-8E2E-47D0-9218-5AA96ACF4378} = {C8E42992-5E42-0C2B-DBFE-AA848D06431C}
		{7288D375-DBDF-4AA8-99A4-A2FF0259375C} = {C8E42992-5E42-0C2B-DBFE-AA848D06431C}
		{F61B4CCF-0594-6249-7F86-713802F75FF1} = {827E0CD3-B72D-47B6-A68D-7590B98EB39B}
		{0D0646AB-0268-4BA2-B1E6-86FCBCA62800} = {F61B4CCF-0594-6249-7F86-713802F75FF1}
	EndGlobalSection
EndGlobal
